<?xml version="1.0" encoding="utf-8"?>
<Project ToolsVersion="4.0" xmlns="http://schemas.microsoft.com/developer/msbuild/2003">
  <ItemGroup>
    <Filter Include="Source Files">
      <UniqueIdentifier>{4FC737F1-C7A5-4376-A066-2A32D752A2FF}</UniqueIdentifier>
      <Extensions>cpp;c;cc;cxx;def;odl;idl;hpj;bat;asm;asmx</Extensions>
    </Filter>
    <Filter Include="Header Files">
      <UniqueIdentifier>{93995380-89BD-4b04-88EB-625FBE52EBFB}</UniqueIdentifier>
      <Extensions>h;hh;hpp;hxx;hm;inl;inc;xsd</Extensions>
    </Filter>
    <Filter Include="Resource Files">
      <UniqueIdentifier>{67DA6AB6-F800-4c08-8B7A-83BB121AAD01}</UniqueIdentifier>
      <Extensions>rc;ico;cur;bmp;dlg;rc2;rct;bin;rgs;gif;jpg;jpeg;jpe;resx;tiff;tif;png;wav;mfcribbon-ms</Extensions>
    </Filter>
    <Filter Include="Form Files">
      <UniqueIdentifier>{99349809-55BA-4b9d-BF79-8FDBB0286EB3}</UniqueIdentifier>
      <Extensions>ui</Extensions>
    </Filter>
    <Filter Include="Resource Files">
      <UniqueIdentifier>{D9D6E242-F8AF-46E4-B9FD-80ECBC20BA3E}</UniqueIdentifier>
      <Extensions>qrc;*</Extensions>
      <ParseFiles>false</ParseFiles>
    </Filter>
  </ItemGroup>
  <ItemGroup>
    <QtRcc Include="Weather.qrc">
      <Filter>Resource Files</Filter>
    </QtRcc>
    <QtUic Include="Weather.ui">
      <Filter>Resource Files</Filter>
    </QtUic>
    <QtMoc Include="Weather.h">
      <Filter>Header Files</Filter>
    </QtMoc>
  </ItemGroup>
  <ItemGroup>
    <ClCompile Include="main.cpp">
      <Filter>Source Files</Filter>
    </ClCompile>
  </ItemGroup>
  <ItemGroup>
    <Image Include="Refresh.png">
      <Filter>Resource Files</Filter>
    </Image>
    <Image Include="WeatherIcons\17.png">
      <Filter>Resource Files</Filter>
    </Image>
    <Image Include="WeatherIcons\23.png">
      <Filter>Resource Files</Filter>
    </Image>
    <Image Include="WeatherIcons\27.png">
      <Filter>Resource Files</Filter>
    </Image>
    <Image Include="WeatherIcons\29.png">
      <Filter>Resource Files</Filter>
    </Image>
    <Image Include="WeatherIcons\31.png">
      <Filter>Resource Files</Filter>
    </Image>
    <Image Include="WeatherIcons\33.png">
      <Filter>Resource Files</Filter>
    </Image>
    <Image Include="WeatherIcons\43.png">
      <Filter>Resource Files</Filter>
    </Image>
    <Image Include="WeatherIcons\45.png">
      <Filter>Resource Files</Filter>
    </Image>
    <Image Include="WeatherIcons\46.png">
      <Filter>Resource Files</Filter>
    </Image>
    <Image Include="WeatherIcons\47.png">
      <Filter>Resource Files</Filter>
    </Image>
    <Image Include="WeatherIcons\100.png">
      <Filter>Resource Files</Filter>
    </Image>
    <Image Include="WeatherIcons\101.png">
      <Filter>Resource Files</Filter>
    </Image>
    <Image Include="WeatherIcons\102.png">
      <Filter>Resource Files</Filter>
    </Image>
    <Image Include="WeatherIcons\103.png">
      <Filter>Resource Files</Filter>
    </Image>
    <Image Include="WeatherIcons\104.png">
      <Filter>Resource Files</Filter>
    </Image>
    <Image Include="WeatherIcons\200.png">
      <Filter>Resource Files</Filter>
    </Image>
    <Image Include="WeatherIcons\202.png">
      <Filter>Resource Files</Filter>
    </Image>
    <Image Include="WeatherIcons\203.png">
      <Filter>Resource Files</Filter>
    </Image>
    <Image Include="WeatherIcons\204.png">
      <Filter>Resource Files</Filter>
    </Image>
    <Image Include="WeatherIcons\212.png">
      <Filter>Resource Files</Filter>
    </Image>
    <Image Include="WeatherIcons\300.png">
      <Filter>Resource Files</Filter>
    </Image>
    <Image Include="WeatherIcons\302.png">
      <Filter>Resource Files</Filter>
    </Image>
    <Image Include="WeatherIcons\303.png">
      <Filter>Resource Files</Filter>
    </Image>
    <Image Include="WeatherIcons\305.png">
      <Filter>Resource Files</Filter>
    </Image>
    <Image Include="WeatherIcons\306.png">
      <Filter>Resource Files</Filter>
    </Image>
    <Image Include="WeatherIcons\307.png">
      <Filter>Resource Files</Filter>
    </Image>
    <Image Include="WeatherIcons\308.png">
      <Filter>Resource Files</Filter>
    </Image>
    <Image Include="WeatherIcons\309.png">
      <Filter>Resource Files</Filter>
    </Image>
    <Image Include="WeatherIcons\310.png">
      <Filter>Resource Files</Filter>
    </Image>
    <Image Include="WeatherIcons\311.png">
      <Filter>Resource Files</Filter>
    </Image>
    <Image Include="WeatherIcons\312.png">
      <Filter>Resource Files</Filter>
    </Image>
    <Image Include="WeatherIcons\314.png">
      <Filter>Resource Files</Filter>
    </Image>
    <Image Include="WeatherIcons\315.png">
      <Filter>Resource Files</Filter>
    </Image>
    <Image Include="WeatherIcons\316.png">
      <Filter>Resource Files</Filter>
    </Image>
    <Image Include="WeatherIcons\317.png">
      <Filter>Resource Files</Filter>
    </Image>
    <Image Include="WeatherIcons\318.png">
      <Filter>Resource Files</Filter>
    </Image>
    <Image Include="WeatherIcons\399.png">
      <Filter>Resource Files</Filter>
    </Image>
    <Image Include="WeatherIcons\400.png">
      <Filter>Resource Files</Filter>
    </Image>
    <Image Include="WeatherIcons\401.png">
      <Filter>Resource Files</Filter>
    </Image>
    <Image Include="WeatherIcons\402.png">
      <Filter>Resource Files</Filter>
    </Image>
    <Image Include="WeatherIcons\403.png">
      <Filter>Resource Files</Filter>
    </Image>
    <Image Include="WeatherIcons\404.png">
      <Filter>Resource Files</Filter>
    </Image>
    <Image Include="WeatherIcons\405.png">
      <Filter>Resource Files</Filter>
    </Image>
    <Image Include="WeatherIcons\406.png">
      <Filter>Resource Files</Filter>
    </Image>
    <Image Include="WeatherIcons\407.png">
      <Filter>Resource Files</Filter>
    </Image>
    <Image Include="WeatherIcons\408.png">
      <Filter>Resource Files</Filter>
    </Image>
    <Image Include="WeatherIcons\409.png">
      <Filter>Resource Files</Filter>
    </Image>
    <Image Include="WeatherIcons\410.png">
      <Filter>Resource Files</Filter>
    </Image>
    <Image Include="WeatherIcons\499.png">
      <Filter>Resource Files</Filter>
    </Image>
    <Image Include="WeatherIcons\501.png">
      <Filter>Resource Files</Filter>
    </Image>
    <Image Include="WeatherIcons\502.png">
      <Filter>Resource Files</Filter>
    </Image>
    <Image Include="WeatherIcons\503.png">
      <Filter>Resource Files</Filter>
    </Image>
    <Image Include="WeatherIcons\509.png">
      <Filter>Resource Files</Filter>
    </Image>
    <Image Include="WeatherIcons\511.png">
      <Filter>Resource Files</Filter>
    </Image>
    <Image Include="WeatherIcons\512.png">
      <Filter>Resource Files</Filter>
    </Image>
    <Image Include="WeatherIcons\513.png">
      <Filter>Resource Files</Filter>
    </Image>
    <Image Include="WeatherIcons\515.png">
      <Filter>Resource Files</Filter>
    </Image>
    <Image Include="WeatherIcons\900.png">
      <Filter>Resource Files</Filter>
    </Image>
    <Image Include="WeatherIcons\901.png">
      <Filter>Resource Files</Filter>
    </Image>
  </ItemGroup>
  <ItemGroup>
    <None Include="conf.ini" />
    <None Include="readme.md" />
  </ItemGroup>
</Project>